
Microsoft Visual Studio Solution File, Format Version 12.00
# Visual Studio 15
VisualStudioVersion = 15.0.26403.7
MinimumVisualStudioVersion = 10.0.40219.1
Project("{FAE04EC0-301F-11D3-BF4B-00C04F79EFBC}") = "Service", "Service\Service.csproj", "{3E920282-509B-4B70-8F6D-0652FC48C228}"
EndProject
Project("{FAE04EC0-301F-11D3-BF4B-00C04F79EFBC}") = "Clients", "Clients\Clients.csproj", "{8D4BA344-C319-4587-B995-DE7D8701A65A}"
	ProjectSection(ProjectDependencies) = postProject
		{3E920282-509B-4B70-8F6D-0652FC48C228} = {3E920282-509B-4B70-8F6D-0652FC48C228}
	EndProjectSection
EndProject
Global
	GlobalSection(SolutionConfigurationPlatforms) = preSolution
		Debug|Any CPU = Debug|Any CPU
		Release|Any CPU = Release|Any CPU
	EndGlobalSection
	GlobalSection(ProjectConfigurationPlatforms) = postSolution
		{3E920282-509B-4B70-8F6D-0652FC48C228}.Debug|Any CPU.ActiveCfg = Debug|Any CPU
		{3E920282-509B-4B70-8F6D-0652FC48C228}.Debug|Any CPU.Build.0 = Debug|Any CPU
		{3E920282-509B-4B70-8F6D-0652FC48C228}.Release|Any CPU.ActiveCfg = Release|Any CPU
		{3E920282-509B-4B70-8F6D-0652FC48C228}.Release|Any CPU.Build.0 = Release|Any CPU
		{8D4BA344-C319-4587-B995-DE7D8701A65A}.Debug|Any CPU.ActiveCfg = Debug|Any CPU
		{8D4BA344-C319-4587-B995-DE7D8701A65A}.Debug|Any CPU.Build.0 = Debug|Any CPU
		{8D4BA344-C319-4587-B995-DE7D8701A65A}.Release|Any CPU.ActiveCfg = Release|Any CPU
		{8D4BA344-C319-4587-B995-DE7D8701A65A}.Release|Any CPU.Build.0 = Release|Any CPU
	EndGlobalSection
	GlobalSection(SolutionProperties) = preSolution
		HideSolutionNode = FALSE
	EndGlobalSection
EndGlobal
