
Microsoft Visual Studio Solution File, Format Version 12.00
# Visual Studio 15
VisualStudioVersion = 15.0.26403.7
MinimumVisualStudioVersion = 10.0.40219.1
Project("{FAE04EC0-301F-11D3-BF4B-00C04F79EFBC}") = "WPFsimple", "WPFsimple\WPFsimple.csproj", "{CBF67DFB-362B-4314-A702-AEA9F77FBE6E}"
EndProject
Project("{FAE04EC0-301F-11D3-BF4B-00C04F79EFBC}") = "WebApp", "WebApp\WebApp.csproj", "{CD55B297-A633-49B0-852D-2DA893F2206B}"
	ProjectSection(ProjectDependencies) = postProject
		{C8BD681F-F742-445C-A5CC-DE4DF90B9CAD} = {C8BD681F-F742-445C-A5CC-DE4DF90B9CAD}
	EndProjectSection
EndProject
Project("{FAE04EC0-301F-11D3-BF4B-00C04F79EFBC}") = "WCF", "WCF\WCF.csproj", "{C8BD681F-F742-445C-A5CC-DE4DF90B9CAD}"
EndProject
Global
	GlobalSection(SolutionConfigurationPlatforms) = preSolution
		Debug|Any CPU = Debug|Any CPU
		Release|Any CPU = Release|Any CPU
	EndGlobalSection
	GlobalSection(ProjectConfigurationPlatforms) = postSolution
		{CBF67DFB-362B-4314-A702-AEA9F77FBE6E}.Debug|Any CPU.ActiveCfg = Debug|Any CPU
		{CBF67DFB-362B-4314-A702-AEA9F77FBE6E}.Debug|Any CPU.Build.0 = Debug|Any CPU
		{CBF67DFB-362B-4314-A702-AEA9F77FBE6E}.Release|Any CPU.ActiveCfg = Release|Any CPU
		{CBF67DFB-362B-4314-A702-AEA9F77FBE6E}.Release|Any CPU.Build.0 = Release|Any CPU
		{CD55B297-A633-49B0-852D-2DA893F2206B}.Debug|Any CPU.ActiveCfg = Debug|Any CPU
		{CD55B297-A633-49B0-852D-2DA893F2206B}.Debug|Any CPU.Build.0 = Debug|Any CPU
		{CD55B297-A633-49B0-852D-2DA893F2206B}.Release|Any CPU.ActiveCfg = Release|Any CPU
		{CD55B297-A633-49B0-852D-2DA893F2206B}.Release|Any CPU.Build.0 = Release|Any CPU
		{C8BD681F-F742-445C-A5CC-DE4DF90B9CAD}.Debug|Any CPU.ActiveCfg = Debug|Any CPU
		{C8BD681F-F742-445C-A5CC-DE4DF90B9CAD}.Debug|Any CPU.Build.0 = Debug|Any CPU
		{C8BD681F-F742-445C-A5CC-DE4DF90B9CAD}.Release|Any CPU.ActiveCfg = Release|Any CPU
		{C8BD681F-F742-445C-A5CC-DE4DF90B9CAD}.Release|Any CPU.Build.0 = Release|Any CPU
	EndGlobalSection
	GlobalSection(SolutionProperties) = preSolution
		HideSolutionNode = FALSE
	EndGlobalSection
EndGlobal
