
Microsoft Visual Studio Solution File, Format Version 12.00
# Visual Studio 15
VisualStudioVersion = 15.0.26403.7
MinimumVisualStudioVersion = 10.0.40219.1
Project("{FAE04EC0-301F-11D3-BF4B-00C04F79EFBC}") = "Client", "Client\Client.csproj", "{486E9E03-51AB-4C5F-93C2-550BB5C77591}"
	ProjectSection(ProjectDependencies) = postProject
		{08FB33DD-CB8C-4057-A348-F40AC3CABBF4} = {08FB33DD-CB8C-4057-A348-F40AC3CABBF4}
	EndProjectSection
EndProject
Project("{FAE04EC0-301F-11D3-BF4B-00C04F79EFBC}") = "WcfService", "WcfService\WcfService.csproj", "{08FB33DD-CB8C-4057-A348-F40AC3CABBF4}"
EndProject
Global
	GlobalSection(SolutionConfigurationPlatforms) = preSolution
		Debug|Any CPU = Debug|Any CPU
		Release|Any CPU = Release|Any CPU
	EndGlobalSection
	GlobalSection(ProjectConfigurationPlatforms) = postSolution
		{486E9E03-51AB-4C5F-93C2-550BB5C77591}.Debug|Any CPU.ActiveCfg = Debug|Any CPU
		{486E9E03-51AB-4C5F-93C2-550BB5C77591}.Debug|Any CPU.Build.0 = Debug|Any CPU
		{486E9E03-51AB-4C5F-93C2-550BB5C77591}.Release|Any CPU.ActiveCfg = Release|Any CPU
		{486E9E03-51AB-4C5F-93C2-550BB5C77591}.Release|Any CPU.Build.0 = Release|Any CPU
		{08FB33DD-CB8C-4057-A348-F40AC3CABBF4}.Debug|Any CPU.ActiveCfg = Debug|Any CPU
		{08FB33DD-CB8C-4057-A348-F40AC3CABBF4}.Debug|Any CPU.Build.0 = Debug|Any CPU
		{08FB33DD-CB8C-4057-A348-F40AC3CABBF4}.Release|Any CPU.ActiveCfg = Release|Any CPU
		{08FB33DD-CB8C-4057-A348-F40AC3CABBF4}.Release|Any CPU.Build.0 = Release|Any CPU
	EndGlobalSection
	GlobalSection(SolutionProperties) = preSolution
		HideSolutionNode = FALSE
	EndGlobalSection
EndGlobal
